
Microsoft Visual Studio Solution File, Format Version 12.00
# Visual Studio Version 17
VisualStudioVersion = 17.14.36310.24 d17.14
MinimumVisualStudioVersion = 10.0.40219.1
Project("{FAE04EC0-301F-11D3-BF4B-00C04F79EFBC}") = "Hello world", "Hello world\Hello world.csproj", "{81C60A57-35B5-42BF-B344-8EA1F13C1CFD}"
EndProject
Global
	GlobalSection(SolutionConfigurationPlatforms) = preSolution
		Debug|Any CPU = Debug|Any CPU
		Release|Any CPU = Release|Any CPU
	EndGlobalSection
	GlobalSection(ProjectConfigurationPlatforms) = postSolution
		{81C60A57-35B5-42BF-B344-8EA1F13C1CFD}.Debug|Any CPU.ActiveCfg = Debug|Any CPU
		{81C60A57-35B5-42BF-B344-8EA1F13C1CFD}.Debug|Any CPU.Build.0 = Debug|Any CPU
		{81C60A57-35B5-42BF-B344-8EA1F13C1CFD}.Release|Any CPU.ActiveCfg = Release|Any CPU
		{81C60A57-35B5-42BF-B344-8EA1F13C1CFD}.Release|Any CPU.Build.0 = Release|Any CPU
	EndGlobalSection
	GlobalSection(SolutionProperties) = preSolution
		HideSolutionNode = FALSE
	EndGlobalSection
	GlobalSection(ExtensibilityGlobals) = postSolution
		SolutionGuid = {C24FD519-BA3D-41F8-B968-E6384D2031DF}
	EndGlobalSection
EndGlobal
